
Microsoft Visual Studio Solution File, Format Version 12.00
# Visual Studio 2012
Project("{FAE04EC0-301F-11D3-BF4B-00C04F79EFBC}") = "bossTools", "devTools\bossTools.csproj", "{8087CB7F-A5E9-48EC-BD09-1F3A9991979A}"
EndProject
Global
	GlobalSection(SolutionConfigurationPlatforms) = preSolution
		Debug|Any CPU = Debug|Any CPU
		Release|Any CPU = Release|Any CPU
	EndGlobalSection
	GlobalSection(ProjectConfigurationPlatforms) = postSolution
		{8087CB7F-A5E9-48EC-BD09-1F3A9991979A}.Debug|Any CPU.ActiveCfg = Debug|Any CPU
		{8087CB7F-A5E9-48EC-BD09-1F3A9991979A}.Debug|Any CPU.Build.0 = Debug|Any CPU
		{8087CB7F-A5E9-48EC-BD09-1F3A9991979A}.Release|Any CPU.ActiveCfg = Release|Any CPU
		{8087CB7F-A5E9-48EC-BD09-1F3A9991979A}.Release|Any CPU.Build.0 = Release|Any CPU
	EndGlobalSection
	GlobalSection(SolutionProperties) = preSolution
		HideSolutionNode = FALSE
	EndGlobalSection
EndGlobal
